
Microsoft Visual Studio Solution File, Format Version 12.00
# Visual Studio Version 17
VisualStudioVersion = 17.1.31911.260
MinimumVisualStudioVersion = 10.0.40219.1
Project("{8BC9CEB8-8B4A-11D0-8D11-00A0C91BC942}") = "CppConsoleApp", "CppConsoleApp\CppConsoleApp.vcxproj", "{96752AD7-C344-4D4D-9E0B-39BED88B191A}"
EndProject
Project("{9A19103F-16F7-4668-BE54-9A1E7A4F7556}") = "AuthoringDemo", "AuthoringDemo\AuthoringDemo.csproj", "{7E449DC2-5334-464D-B478-1715B96C8050}"
EndProject
Project("{2150E333-8FDC-42A3-9474-1A3956D46DE8}") = "Solution Items", "Solution Items", "{1452D9DE-635B-46F9-9C0E-B2FEB4F0A9EB}"
	ProjectSection(SolutionItems) = preProject
		Directory.Build.props = Directory.Build.props
		Directory.Build.targets = Directory.Build.targets
		nuget.config = nuget.config
	EndProjectSection
EndProject
Project("{8BC9CEB8-8B4A-11D0-8D11-00A0C91BC942}") = "WinUI3CppApp", "WinUI3CppApp\WinUI3CppApp.vcxproj", "{CA5A86BC-C0FB-472D-B1B9-3C5221595606}"
EndProject
Project("{C7167F0D-BC9F-4E6E-AFE1-012C56B48DB5}") = "WinUI3CsApp (Package)", "WinUI3CsApp\WinUI3CsApp (Package)\WinUI3CsApp (Package).wapproj", "{4B8A6395-34EF-4A3A-94B4-A77FFFCDCD02}"
EndProject
Project("{FAE04EC0-301F-11D3-BF4B-00C04F79EFBC}") = "WinUI3CsApp", "WinUI3CsApp\WinUI3CsApp\WinUI3CsApp.csproj", "{8ED49D2B-D2F8-4A31-9718-EDBB57136A9E}"
EndProject
Global
	GlobalSection(SolutionConfigurationPlatforms) = preSolution
		Debug|Any CPU = Debug|Any CPU
		Debug|ARM64 = Debug|ARM64
		Debug|x64 = Debug|x64
		Debug|x86 = Debug|x86
		Release|Any CPU = Release|Any CPU
		Release|ARM64 = Release|ARM64
		Release|x64 = Release|x64
		Release|x86 = Release|x86
	EndGlobalSection
	GlobalSection(ProjectConfigurationPlatforms) = postSolution
		{96752AD7-C344-4D4D-9E0B-39BED88B191A}.Debug|Any CPU.ActiveCfg = Debug|x64
		{96752AD7-C344-4D4D-9E0B-39BED88B191A}.Debug|Any CPU.Build.0 = Debug|x64
		{96752AD7-C344-4D4D-9E0B-39BED88B191A}.Debug|ARM64.ActiveCfg = Debug|ARM64
		{96752AD7-C344-4D4D-9E0B-39BED88B191A}.Debug|ARM64.Build.0 = Debug|ARM64
		{96752AD7-C344-4D4D-9E0B-39BED88B191A}.Debug|x64.ActiveCfg = Debug|x64
		{96752AD7-C344-4D4D-9E0B-39BED88B191A}.Debug|x64.Build.0 = Debug|x64
		{96752AD7-C344-4D4D-9E0B-39BED88B191A}.Debug|x86.ActiveCfg = Debug|Win32
		{96752AD7-C344-4D4D-9E0B-39BED88B191A}.Debug|x86.Build.0 = Debug|Win32
		{96752AD7-C344-4D4D-9E0B-39BED88B191A}.Release|Any CPU.ActiveCfg = Release|x64
		{96752AD7-C344-4D4D-9E0B-39BED88B191A}.Release|Any CPU.Build.0 = Release|x64
		{96752AD7-C344-4D4D-9E0B-39BED88B191A}.Release|ARM64.ActiveCfg = Release|ARM64
		{96752AD7-C344-4D4D-9E0B-39BED88B191A}.Release|ARM64.Build.0 = Release|ARM64
		{96752AD7-C344-4D4D-9E0B-39BED88B191A}.Release|x64.ActiveCfg = Release|x64
		{96752AD7-C344-4D4D-9E0B-39BED88B191A}.Release|x64.Build.0 = Release|x64
		{96752AD7-C344-4D4D-9E0B-39BED88B191A}.Release|x86.ActiveCfg = Release|Win32
		{96752AD7-C344-4D4D-9E0B-39BED88B191A}.Release|x86.Build.0 = Release|Win32
		{7E449DC2-5334-464D-B478-1715B96C8050}.Debug|Any CPU.ActiveCfg = Debug|x64
		{7E449DC2-5334-464D-B478-1715B96C8050}.Debug|Any CPU.Build.0 = Debug|x64
		{7E449DC2-5334-464D-B478-1715B96C8050}.Debug|ARM64.ActiveCfg = Debug|arm64
		{7E449DC2-5334-464D-B478-1715B96C8050}.Debug|ARM64.Build.0 = Debug|arm64
		{7E449DC2-5334-464D-B478-1715B96C8050}.Debug|x64.ActiveCfg = Debug|x64
		{7E449DC2-5334-464D-B478-1715B96C8050}.Debug|x64.Build.0 = Debug|x64
		{7E449DC2-5334-464D-B478-1715B96C8050}.Debug|x86.ActiveCfg = Debug|x86
		{7E449DC2-5334-464D-B478-1715B96C8050}.Debug|x86.Build.0 = Debug|x86
		{7E449DC2-5334-464D-B478-1715B96C8050}.Release|Any CPU.ActiveCfg = Release|x64
		{7E449DC2-5334-464D-B478-1715B96C8050}.Release|Any CPU.Build.0 = Release|x64
		{7E449DC2-5334-464D-B478-1715B96C8050}.Release|ARM64.ActiveCfg = Release|arm64
		{7E449DC2-5334-464D-B478-1715B96C8050}.Release|ARM64.Build.0 = Release|arm64
		{7E449DC2-5334-464D-B478-1715B96C8050}.Release|x64.ActiveCfg = Release|x64
		{7E449DC2-5334-464D-B478-1715B96C8050}.Release|x64.Build.0 = Release|x64
		{7E449DC2-5334-464D-B478-1715B96C8050}.Release|x86.ActiveCfg = Release|x64
		{CA5A86BC-C0FB-472D-B1B9-3C5221595606}.Debug|Any CPU.ActiveCfg = Debug|x64
		{CA5A86BC-C0FB-472D-B1B9-3C5221595606}.Debug|Any CPU.Build.0 = Debug|x64
		{CA5A86BC-C0FB-472D-B1B9-3C5221595606}.Debug|Any CPU.Deploy.0 = Debug|x64
		{CA5A86BC-C0FB-472D-B1B9-3C5221595606}.Debug|ARM64.ActiveCfg = Debug|arm64
		{CA5A86BC-C0FB-472D-B1B9-3C5221595606}.Debug|ARM64.Build.0 = Debug|arm64
		{CA5A86BC-C0FB-472D-B1B9-3C5221595606}.Debug|ARM64.Deploy.0 = Debug|arm64
		{CA5A86BC-C0FB-472D-B1B9-3C5221595606}.Debug|x64.ActiveCfg = Debug|x64
		{CA5A86BC-C0FB-472D-B1B9-3C5221595606}.Debug|x64.Build.0 = Debug|x64
		{CA5A86BC-C0FB-472D-B1B9-3C5221595606}.Debug|x64.Deploy.0 = Debug|x64
		{CA5A86BC-C0FB-472D-B1B9-3C5221595606}.Debug|x86.ActiveCfg = Debug|Win32
		{CA5A86BC-C0FB-472D-B1B9-3C5221595606}.Debug|x86.Build.0 = Debug|Win32
		{CA5A86BC-C0FB-472D-B1B9-3C5221595606}.Debug|x86.Deploy.0 = Debug|Win32
		{CA5A86BC-C0FB-472D-B1B9-3C5221595606}.Release|Any CPU.ActiveCfg = Release|x64
		{CA5A86BC-C0FB-472D-B1B9-3C5221595606}.Release|Any CPU.Build.0 = Release|x64
		{CA5A86BC-C0FB-472D-B1B9-3C5221595606}.Release|Any CPU.Deploy.0 = Release|x64
		{CA5A86BC-C0FB-472D-B1B9-3C5221595606}.Release|ARM64.ActiveCfg = Release|arm64
		{CA5A86BC-C0FB-472D-B1B9-3C5221595606}.Release|ARM64.Build.0 = Release|arm64
		{CA5A86BC-C0FB-472D-B1B9-3C5221595606}.Release|ARM64.Deploy.0 = Release|arm64
		{CA5A86BC-C0FB-472D-B1B9-3C5221595606}.Release|x64.ActiveCfg = Release|x64
		{CA5A86BC-C0FB-472D-B1B9-3C5221595606}.Release|x64.Build.0 = Release|x64
		{CA5A86BC-C0FB-472D-B1B9-3C5221595606}.Release|x64.Deploy.0 = Release|x64
		{CA5A86BC-C0FB-472D-B1B9-3C5221595606}.Release|x86.ActiveCfg = Release|Win32
		{CA5A86BC-C0FB-472D-B1B9-3C5221595606}.Release|x86.Build.0 = Release|Win32
		{CA5A86BC-C0FB-472D-B1B9-3C5221595606}.Release|x86.Deploy.0 = Release|Win32
		{4B8A6395-34EF-4A3A-94B4-A77FFFCDCD02}.Debug|Any CPU.ActiveCfg = Debug|x64
		{4B8A6395-34EF-4A3A-94B4-A77FFFCDCD02}.Debug|Any CPU.Build.0 = Debug|x64
		{4B8A6395-34EF-4A3A-94B4-A77FFFCDCD02}.Debug|Any CPU.Deploy.0 = Debug|x64
		{4B8A6395-34EF-4A3A-94B4-A77FFFCDCD02}.Debug|ARM64.ActiveCfg = Debug|ARM64
		{4B8A6395-34EF-4A3A-94B4-A77FFFCDCD02}.Debug|ARM64.Build.0 = Debug|ARM64
		{4B8A6395-34EF-4A3A-94B4-A77FFFCDCD02}.Debug|ARM64.Deploy.0 = Debug|ARM64
		{4B8A6395-34EF-4A3A-94B4-A77FFFCDCD02}.Debug|x64.ActiveCfg = Debug|x64
		{4B8A6395-34EF-4A3A-94B4-A77FFFCDCD02}.Debug|x64.Build.0 = Debug|x64
		{4B8A6395-34EF-4A3A-94B4-A77FFFCDCD02}.Debug|x64.Deploy.0 = Debug|x64
		{4B8A6395-34EF-4A3A-94B4-A77FFFCDCD02}.Debug|x86.ActiveCfg = Debug|x86
		{4B8A6395-34EF-4A3A-94B4-A77FFFCDCD02}.Debug|x86.Build.0 = Debug|x86
		{4B8A6395-34EF-4A3A-94B4-A77FFFCDCD02}.Debug|x86.Deploy.0 = Debug|x86
		{4B8A6395-34EF-4A3A-94B4-A77FFFCDCD02}.Release|Any CPU.ActiveCfg = Release|x64
		{4B8A6395-34EF-4A3A-94B4-A77FFFCDCD02}.Release|Any CPU.Build.0 = Release|x64
		{4B8A6395-34EF-4A3A-94B4-A77FFFCDCD02}.Release|Any CPU.Deploy.0 = Release|x64
		{4B8A6395-34EF-4A3A-94B4-A77FFFCDCD02}.Release|ARM64.ActiveCfg = Release|ARM64
		{4B8A6395-34EF-4A3A-94B4-A77FFFCDCD02}.Release|ARM64.Build.0 = Release|ARM64
		{4B8A6395-34EF-4A3A-94B4-A77FFFCDCD02}.Release|ARM64.Deploy.0 = Release|ARM64
		{4B8A6395-34EF-4A3A-94B4-A77FFFCDCD02}.Release|x64.ActiveCfg = Release|x64
		{4B8A6395-34EF-4A3A-94B4-A77FFFCDCD02}.Release|x64.Build.0 = Release|x64
		{4B8A6395-34EF-4A3A-94B4-A77FFFCDCD02}.Release|x64.Deploy.0 = Release|x64
		{4B8A6395-34EF-4A3A-94B4-A77FFFCDCD02}.Release|x86.ActiveCfg = Release|x86
		{4B8A6395-34EF-4A3A-94B4-A77FFFCDCD02}.Release|x86.Build.0 = Release|x86
		{4B8A6395-34EF-4A3A-94B4-A77FFFCDCD02}.Release|x86.Deploy.0 = Release|x86
		{8ED49D2B-D2F8-4A31-9718-EDBB57136A9E}.Debug|Any CPU.ActiveCfg = Debug|x64
		{8ED49D2B-D2F8-4A31-9718-EDBB57136A9E}.Debug|Any CPU.Build.0 = Debug|x64
		{8ED49D2B-D2F8-4A31-9718-EDBB57136A9E}.Debug|ARM64.ActiveCfg = Debug|ARM64
		{8ED49D2B-D2F8-4A31-9718-EDBB57136A9E}.Debug|ARM64.Build.0 = Debug|ARM64
		{8ED49D2B-D2F8-4A31-9718-EDBB57136A9E}.Debug|x64.ActiveCfg = Debug|x64
		{8ED49D2B-D2F8-4A31-9718-EDBB57136A9E}.Debug|x64.Build.0 = Debug|x64
		{8ED49D2B-D2F8-4A31-9718-EDBB57136A9E}.Debug|x86.ActiveCfg = Debug|x86
		{8ED49D2B-D2F8-4A31-9718-EDBB57136A9E}.Debug|x86.Build.0 = Debug|x86
		{8ED49D2B-D2F8-4A31-9718-EDBB57136A9E}.Release|Any CPU.ActiveCfg = Release|x64
		{8ED49D2B-D2F8-4A31-9718-EDBB57136A9E}.Release|Any CPU.Build.0 = Release|x64
		{8ED49D2B-D2F8-4A31-9718-EDBB57136A9E}.Release|ARM64.ActiveCfg = Release|ARM64
		{8ED49D2B-D2F8-4A31-9718-EDBB57136A9E}.Release|ARM64.Build.0 = Release|ARM64
		{8ED49D2B-D2F8-4A31-9718-EDBB57136A9E}.Release|x64.ActiveCfg = Release|x64
		{8ED49D2B-D2F8-4A31-9718-EDBB57136A9E}.Release|x64.Build.0 = Release|x64
		{8ED49D2B-D2F8-4A31-9718-EDBB57136A9E}.Release|x86.ActiveCfg = Release|x86
		{8ED49D2B-D2F8-4A31-9718-EDBB57136A9E}.Release|x86.Build.0 = Release|x86
	EndGlobalSection
	GlobalSection(SolutionProperties) = preSolution
		HideSolutionNode = FALSE
	EndGlobalSection
	GlobalSection(ExtensibilityGlobals) = postSolution
		SolutionGuid = {EBDA7BDA-5188-4C95-B3FF-19AADD03A4C1}
	EndGlobalSection
EndGlobal
